
Microsoft Visual Studio Solution File, Format Version 12.00
# Visual Studio Version 17
VisualStudioVersion = 17.8.34309.116
MinimumVisualStudioVersion = 10.0.40219.1
Project("{9A19103F-16F7-4668-BE54-9A1E7A4F7556}") = "CarRentalManagement.Server", "CarRentalManagement\Server\CarRentalManagement.Server.csproj", "{7288956A-308F-48B2-89E7-12C505E59FD2}"
EndProject
Project("{9A19103F-16F7-4668-BE54-9A1E7A4F7556}") = "CarRentalManagement.Client", "CarRentalManagement\Client\CarRentalManagement.Client.csproj", "{EF514100-6AD5-4105-BCBD-43F1E58CF2D3}"
EndProject
Project("{9A19103F-16F7-4668-BE54-9A1E7A4F7556}") = "CarRentalManagement.Shared", "CarRentalManagement\Shared\CarRentalManagement.Shared.csproj", "{ECAF5AE7-21F3-4257-B35B-F9CB1212CAC5}"
EndProject
Global
	GlobalSection(SolutionConfigurationPlatforms) = preSolution
		Debug|Any CPU = Debug|Any CPU
		Release|Any CPU = Release|Any CPU
	EndGlobalSection
	GlobalSection(ProjectConfigurationPlatforms) = postSolution
		{7288956A-308F-48B2-89E7-12C505E59FD2}.Debug|Any CPU.ActiveCfg = Debug|Any CPU
		{7288956A-308F-48B2-89E7-12C505E59FD2}.Debug|Any CPU.Build.0 = Debug|Any CPU
		{7288956A-308F-48B2-89E7-12C505E59FD2}.Release|Any CPU.ActiveCfg = Release|Any CPU
		{7288956A-308F-48B2-89E7-12C505E59FD2}.Release|Any CPU.Build.0 = Release|Any CPU
		{EF514100-6AD5-4105-BCBD-43F1E58CF2D3}.Debug|Any CPU.ActiveCfg = Debug|Any CPU
		{EF514100-6AD5-4105-BCBD-43F1E58CF2D3}.Debug|Any CPU.Build.0 = Debug|Any CPU
		{EF514100-6AD5-4105-BCBD-43F1E58CF2D3}.Release|Any CPU.ActiveCfg = Release|Any CPU
		{EF514100-6AD5-4105-BCBD-43F1E58CF2D3}.Release|Any CPU.Build.0 = Release|Any CPU
		{ECAF5AE7-21F3-4257-B35B-F9CB1212CAC5}.Debug|Any CPU.ActiveCfg = Debug|Any CPU
		{ECAF5AE7-21F3-4257-B35B-F9CB1212CAC5}.Debug|Any CPU.Build.0 = Debug|Any CPU
		{ECAF5AE7-21F3-4257-B35B-F9CB1212CAC5}.Release|Any CPU.ActiveCfg = Release|Any CPU
		{ECAF5AE7-21F3-4257-B35B-F9CB1212CAC5}.Release|Any CPU.Build.0 = Release|Any CPU
	EndGlobalSection
	GlobalSection(SolutionProperties) = preSolution
		HideSolutionNode = FALSE
	EndGlobalSection
	GlobalSection(ExtensibilityGlobals) = postSolution
		SolutionGuid = {8BEE159D-3DFB-433C-9684-660F057D483E}
	EndGlobalSection
EndGlobal
